{
  "version": 4,
  "terraform_version": "1.1.7",
  "serial": 33,
  "lineage": "0eef4959-6cff-2f6c-389e-807fbfbbf1e3",
  "outputs": {},
  "resources": [
    {
      "mode": "managed",
      "type": "google_iam_workload_identity_pool",
      "name": "gh_pool",
      "provider": "provider[\"registry.terraform.io/hashicorp/google-beta\"]",
      "instances": [
        {
          "schema_version": 0,
          "attributes": {
            "description": "",
            "disabled": false,
            "display_name": "",
            "id": "projects/terraform-inf-test-dev/locations/global/workloadIdentityPools/gh-pool",
            "name": "projects/1051173109797/locations/global/workloadIdentityPools/gh-pool",
            "project": "terraform-inf-test-dev",
            "state": "ACTIVE",
            "timeouts": null,
            "workload_identity_pool_id": "gh-pool"
          },
          "sensitive_attributes": [],
          "private": "eyJlMmJmYjczMC1lY2FhLTExZTYtOGY4OC0zNDM2M2JjN2M0YzAiOnsiY3JlYXRlIjoyNDAwMDAwMDAwMDAsImRlbGV0ZSI6MjQwMDAwMDAwMDAwLCJ1cGRhdGUiOjI0MDAwMDAwMDAwMH19",
          "dependencies": [
            "module.project-factory.module.budget.data.google_project.project",
            "module.project-factory.module.budget.google_billing_budget.budget",
            "module.project-factory.module.gsuite_group.data.google_organization.org",
            "module.project-factory.module.project-factory.google_access_context_manager_service_perimeter_resource.service_perimeter_attachment",
            "module.project-factory.module.project-factory.google_compute_shared_vpc_host_project.shared_vpc_host",
            "module.project-factory.module.project-factory.google_compute_shared_vpc_service_project.shared_vpc_attachment",
            "module.project-factory.module.project-factory.google_compute_subnetwork_iam_member.apis_service_account_role_to_vpc_subnets",
            "module.project-factory.module.project-factory.google_compute_subnetwork_iam_member.group_role_to_vpc_subnets",
            "module.project-factory.module.project-factory.google_compute_subnetwork_iam_member.service_account_role_to_vpc_subnets",
            "module.project-factory.module.project-factory.google_project.main",
            "module.project-factory.module.project-factory.google_project_default_service_accounts.default_service_accounts",
            "module.project-factory.module.project-factory.google_project_iam_member.controlling_group_vpc_membership",
            "module.project-factory.module.project-factory.google_project_iam_member.default_service_account_membership",
            "module.project-factory.module.project-factory.google_project_iam_member.gsuite_group_role",
            "module.project-factory.module.project-factory.google_project_service.enable_access_context_manager",
            "module.project-factory.module.project-factory.google_project_usage_export_bucket.usage_report_export",
            "module.project-factory.module.project-factory.google_resource_manager_lien.lien",
            "module.project-factory.module.project-factory.google_service_account.default_service_account",
            "module.project-factory.module.project-factory.google_service_account_iam_member.service_account_grant_to_group",
            "module.project-factory.module.project-factory.google_storage_bucket.project_bucket",
            "module.project-factory.module.project-factory.google_storage_bucket_iam_member.api_s_account_storage_admin_on_project_bucket",
            "module.project-factory.module.project-factory.google_storage_bucket_iam_member.group_storage_admin_on_project_bucket",
            "module.project-factory.module.project-factory.google_storage_bucket_iam_member.s_account_storage_admin_on_project_bucket",
            "module.project-factory.module.project-factory.module.project_services.google_project_iam_member.project_service_identity_roles",
            "module.project-factory.module.project-factory.module.project_services.google_project_service.project_services",
            "module.project-factory.module.project-factory.module.project_services.google_project_service_identity.project_service_identities",
            "module.project-factory.module.project-factory.random_id.random_project_id_suffix",
            "module.project-factory.module.quotas.google_service_usage_consumer_quota_override.override",
            "module.project-factory.module.shared_vpc_access.data.google_project.service_project",
            "module.project-factory.module.shared_vpc_access.google_compute_subnetwork_iam_member.service_shared_vpc_subnet_users",
            "module.project-factory.module.shared_vpc_access.google_project_iam_member.composer_host_agent",
            "module.project-factory.module.shared_vpc_access.google_project_iam_member.gke_host_agent",
            "module.project-factory.module.shared_vpc_access.google_project_iam_member.gke_security_admin",
            "module.project-factory.module.shared_vpc_access.google_project_iam_member.service_shared_vpc_user"
          ]
        }
      ]
    },
    {
      "mode": "managed",
      "type": "google_iam_workload_identity_pool_provider",
      "name": "provider",
      "provider": "provider[\"registry.terraform.io/hashicorp/google-beta\"]",
      "instances": [
        {
          "schema_version": 0,
          "attributes": {
            "attribute_condition": "",
            "attribute_mapping": {
              "attribute.full": "assertion.repository+assertion.ref",
              "google.subject": "assertion.sub"
            },
            "aws": [],
            "description": "",
            "disabled": false,
            "display_name": "",
            "id": "projects/terraform-inf-test-dev/locations/global/workloadIdentityPools/gh-pool/providers/gh-provider",
            "name": "projects/1051173109797/locations/global/workloadIdentityPools/gh-pool/providers/gh-provider",
            "oidc": [
              {
                "allowed_audiences": [
                  "google-wlif"
                ],
                "issuer_uri": "https://token.actions.githubusercontent.com"
              }
            ],
            "project": "terraform-inf-test-dev",
            "state": "ACTIVE",
            "timeouts": null,
            "workload_identity_pool_id": "gh-pool",
            "workload_identity_pool_provider_id": "gh-provider"
          },
          "sensitive_attributes": [],
          "private": "eyJlMmJmYjczMC1lY2FhLTExZTYtOGY4OC0zNDM2M2JjN2M0YzAiOnsiY3JlYXRlIjoyNDAwMDAwMDAwMDAsImRlbGV0ZSI6MjQwMDAwMDAwMDAwLCJ1cGRhdGUiOjI0MDAwMDAwMDAwMH19",
          "dependencies": [
            "google_iam_workload_identity_pool.gh_pool",
            "module.project-factory.module.budget.data.google_project.project",
            "module.project-factory.module.budget.google_billing_budget.budget",
            "module.project-factory.module.gsuite_group.data.google_organization.org",
            "module.project-factory.module.project-factory.google_access_context_manager_service_perimeter_resource.service_perimeter_attachment",
            "module.project-factory.module.project-factory.google_compute_shared_vpc_host_project.shared_vpc_host",
            "module.project-factory.module.project-factory.google_compute_shared_vpc_service_project.shared_vpc_attachment",
            "module.project-factory.module.project-factory.google_compute_subnetwork_iam_member.apis_service_account_role_to_vpc_subnets",
            "module.project-factory.module.project-factory.google_compute_subnetwork_iam_member.group_role_to_vpc_subnets",
            "module.project-factory.module.project-factory.google_compute_subnetwork_iam_member.service_account_role_to_vpc_subnets",
            "module.project-factory.module.project-factory.google_project.main",
            "module.project-factory.module.project-factory.google_project_default_service_accounts.default_service_accounts",
            "module.project-factory.module.project-factory.google_project_iam_member.controlling_group_vpc_membership",
            "module.project-factory.module.project-factory.google_project_iam_member.default_service_account_membership",
            "module.project-factory.module.project-factory.google_project_iam_member.gsuite_group_role",
            "module.project-factory.module.project-factory.google_project_service.enable_access_context_manager",
            "module.project-factory.module.project-factory.google_project_usage_export_bucket.usage_report_export",
            "module.project-factory.module.project-factory.google_resource_manager_lien.lien",
            "module.project-factory.module.project-factory.google_service_account.default_service_account",
            "module.project-factory.module.project-factory.google_service_account_iam_member.service_account_grant_to_group",
            "module.project-factory.module.project-factory.google_storage_bucket.project_bucket",
            "module.project-factory.module.project-factory.google_storage_bucket_iam_member.api_s_account_storage_admin_on_project_bucket",
            "module.project-factory.module.project-factory.google_storage_bucket_iam_member.group_storage_admin_on_project_bucket",
            "module.project-factory.module.project-factory.google_storage_bucket_iam_member.s_account_storage_admin_on_project_bucket",
            "module.project-factory.module.project-factory.module.project_services.google_project_iam_member.project_service_identity_roles",
            "module.project-factory.module.project-factory.module.project_services.google_project_service.project_services",
            "module.project-factory.module.project-factory.module.project_services.google_project_service_identity.project_service_identities",
            "module.project-factory.module.project-factory.random_id.random_project_id_suffix",
            "module.project-factory.module.quotas.google_service_usage_consumer_quota_override.override",
            "module.project-factory.module.shared_vpc_access.data.google_project.service_project",
            "module.project-factory.module.shared_vpc_access.google_compute_subnetwork_iam_member.service_shared_vpc_subnet_users",
            "module.project-factory.module.shared_vpc_access.google_project_iam_member.composer_host_agent",
            "module.project-factory.module.shared_vpc_access.google_project_iam_member.gke_host_agent",
            "module.project-factory.module.shared_vpc_access.google_project_iam_member.gke_security_admin",
            "module.project-factory.module.shared_vpc_access.google_project_iam_member.service_shared_vpc_user"
          ]
        }
      ]
    },
    {
      "mode": "managed",
      "type": "google_storage_bucket_iam_member",
      "name": "s_account_storage_admin_on_project_bucket",
      "provider": "provider[\"registry.terraform.io/hashicorp/google\"]",
      "instances": [
        {
          "schema_version": 0,
          "attributes": {
            "bucket": "b/terraform-inf-test-dev-tfstate",
            "condition": [],
            "etag": "CAM=",
            "id": "b/terraform-inf-test-dev-tfstate/roles/storage.admin/serviceAccount:terraform-sa@terraform-inf-test-dev.iam.gserviceaccount.com",
            "member": "serviceAccount:terraform-sa@terraform-inf-test-dev.iam.gserviceaccount.com",
            "role": "roles/storage.admin"
          },
          "sensitive_attributes": [],
          "private": "bnVsbA==",
          "dependencies": [
            "module.project-factory.module.budget.data.google_project.project",
            "module.project-factory.module.budget.google_billing_budget.budget",
            "module.project-factory.module.gsuite_group.data.google_organization.org",
            "module.project-factory.module.project-factory.google_access_context_manager_service_perimeter_resource.service_perimeter_attachment",
            "module.project-factory.module.project-factory.google_compute_shared_vpc_host_project.shared_vpc_host",
            "module.project-factory.module.project-factory.google_compute_shared_vpc_service_project.shared_vpc_attachment",
            "module.project-factory.module.project-factory.google_compute_subnetwork_iam_member.apis_service_account_role_to_vpc_subnets",
            "module.project-factory.module.project-factory.google_compute_subnetwork_iam_member.group_role_to_vpc_subnets",
            "module.project-factory.module.project-factory.google_compute_subnetwork_iam_member.service_account_role_to_vpc_subnets",
            "module.project-factory.module.project-factory.google_project.main",
            "module.project-factory.module.project-factory.google_project_default_service_accounts.default_service_accounts",
            "module.project-factory.module.project-factory.google_project_iam_member.controlling_group_vpc_membership",
            "module.project-factory.module.project-factory.google_project_iam_member.default_service_account_membership",
            "module.project-factory.module.project-factory.google_project_iam_member.gsuite_group_role",
            "module.project-factory.module.project-factory.google_project_service.enable_access_context_manager",
            "module.project-factory.module.project-factory.google_project_usage_export_bucket.usage_report_export",
            "module.project-factory.module.project-factory.google_resource_manager_lien.lien",
            "module.project-factory.module.project-factory.google_service_account.default_service_account",
            "module.project-factory.module.project-factory.google_service_account_iam_member.service_account_grant_to_group",
            "module.project-factory.module.project-factory.google_storage_bucket.project_bucket",
            "module.project-factory.module.project-factory.google_storage_bucket_iam_member.api_s_account_storage_admin_on_project_bucket",
            "module.project-factory.module.project-factory.google_storage_bucket_iam_member.group_storage_admin_on_project_bucket",
            "module.project-factory.module.project-factory.google_storage_bucket_iam_member.s_account_storage_admin_on_project_bucket",
            "module.project-factory.module.project-factory.module.project_services.google_project_iam_member.project_service_identity_roles",
            "module.project-factory.module.project-factory.module.project_services.google_project_service.project_services",
            "module.project-factory.module.project-factory.module.project_services.google_project_service_identity.project_service_identities",
            "module.project-factory.module.project-factory.random_id.random_project_id_suffix",
            "module.project-factory.module.quotas.google_service_usage_consumer_quota_override.override",
            "module.project-factory.module.shared_vpc_access.data.google_project.service_project",
            "module.project-factory.module.shared_vpc_access.google_compute_subnetwork_iam_member.service_shared_vpc_subnet_users",
            "module.project-factory.module.shared_vpc_access.google_project_iam_member.composer_host_agent",
            "module.project-factory.module.shared_vpc_access.google_project_iam_member.gke_host_agent",
            "module.project-factory.module.shared_vpc_access.google_project_iam_member.gke_security_admin",
            "module.project-factory.module.shared_vpc_access.google_project_iam_member.service_shared_vpc_user",
            "module.service-accounts.google_billing_account_iam_member.billing_user",
            "module.service-accounts.google_organization_iam_member.billing_user",
            "module.service-accounts.google_organization_iam_member.organization_viewer",
            "module.service-accounts.google_organization_iam_member.xpn_admin",
            "module.service-accounts.google_project_iam_member.project-roles",
            "module.service-accounts.google_service_account.service_accounts",
            "module.service-accounts.google_service_account_key.keys"
          ]
        }
      ]
    },
    {
      "module": "module.project-factory.module.budget",
      "mode": "data",
      "type": "google_project",
      "name": "project",
      "provider": "provider[\"registry.terraform.io/hashicorp/google\"]",
      "instances": [
        {
          "index_key": 0,
          "schema_version": 0,
          "attributes": {
            "auto_create_network": null,
            "billing_account": "01E164-3B7D18-4D588A",
            "folder_id": "",
            "id": "projects/terraform-inf-test-dev",
            "labels": {},
            "name": "terraform-inf-test-dev",
            "number": "1051173109797",
            "org_id": "956099512490",
            "project_id": "terraform-inf-test-dev",
            "skip_delete": null
          },
          "sensitive_attributes": []
        }
      ]
    },
    {
      "module": "module.project-factory.module.project-factory",
      "mode": "managed",
      "type": "google_project",
      "name": "main",
      "provider": "provider[\"registry.terraform.io/hashicorp/google\"]",
      "instances": [
        {
          "schema_version": 1,
          "attributes": {
            "auto_create_network": false,
            "billing_account": "01E164-3B7D18-4D588A",
            "folder_id": "",
            "id": "projects/terraform-inf-test-dev",
            "labels": {},
            "name": "terraform-inf-test-dev",
            "number": "1051173109797",
            "org_id": "956099512490",
            "project_id": "terraform-inf-test-dev",
            "skip_delete": null,
            "timeouts": null
          },
          "sensitive_attributes": [],
          "private": "eyJlMmJmYjczMC1lY2FhLTExZTYtOGY4OC0zNDM2M2JjN2M0YzAiOnsiY3JlYXRlIjo2MDAwMDAwMDAwMDAsImRlbGV0ZSI6NjAwMDAwMDAwMDAwLCJyZWFkIjo2MDAwMDAwMDAwMDAsInVwZGF0ZSI6NjAwMDAwMDAwMDAwfSwic2NoZW1hX3ZlcnNpb24iOiIxIn0=",
          "dependencies": [
            "module.project-factory.module.project-factory.random_id.random_project_id_suffix"
          ]
        }
      ]
    },
    {
      "module": "module.project-factory.module.project-factory",
      "mode": "managed",
      "type": "google_project_default_service_accounts",
      "name": "default_service_accounts",
      "provider": "provider[\"registry.terraform.io/hashicorp/google\"]",
      "instances": [
        {
          "index_key": 0,
          "schema_version": 0,
          "attributes": {
            "action": "DISABLE",
            "id": "projects/terraform-inf-test-dev",
            "project": "terraform-inf-test-dev",
            "restore_policy": "REVERT_AND_IGNORE_FAILURE",
            "service_accounts": {
              "113302500565004419858": "1051173109797-compute@developer.gserviceaccount.com"
            },
            "timeouts": null
          },
          "sensitive_attributes": [],
          "private": "eyJlMmJmYjczMC1lY2FhLTExZTYtOGY4OC0zNDM2M2JjN2M0YzAiOnsiY3JlYXRlIjo2MDAwMDAwMDAwMDAsImRlbGV0ZSI6NjAwMDAwMDAwMDAwLCJyZWFkIjo2MDAwMDAwMDAwMDB9fQ==",
          "dependencies": [
            "module.project-factory.module.project-factory.google_project.main",
            "module.project-factory.module.project-factory.module.project_services.google_project_iam_member.project_service_identity_roles",
            "module.project-factory.module.project-factory.module.project_services.google_project_service.project_services",
            "module.project-factory.module.project-factory.module.project_services.google_project_service_identity.project_service_identities",
            "module.project-factory.module.project-factory.random_id.random_project_id_suffix"
          ]
        }
      ]
    },
    {
      "module": "module.project-factory.module.project-factory",
      "mode": "managed",
      "type": "google_storage_bucket",
      "name": "project_bucket",
      "provider": "provider[\"registry.terraform.io/hashicorp/google\"]",
      "instances": [
        {
          "index_key": 0,
          "schema_version": 0,
          "attributes": {
            "bucket_policy_only": false,
            "cors": [],
            "default_event_based_hold": false,
            "encryption": [],
            "force_destroy": false,
            "id": "terraform-inf-test-dev-tfstate",
            "labels": {},
            "lifecycle_rule": [],
            "location": "EUROPE-WEST3",
            "logging": [],
            "name": "terraform-inf-test-dev-tfstate",
            "project": "terraform-inf-test-dev",
            "requester_pays": false,
            "retention_policy": [],
            "self_link": "https://www.googleapis.com/storage/v1/b/terraform-inf-test-dev-tfstate",
            "storage_class": "STANDARD",
            "uniform_bucket_level_access": false,
            "url": "gs://terraform-inf-test-dev-tfstate",
            "versioning": [
              {
                "enabled": false
              }
            ],
            "website": []
          },
          "sensitive_attributes": [],
          "private": "bnVsbA==",
          "dependencies": [
            "module.project-factory.module.project-factory.google_project.main",
            "module.project-factory.module.project-factory.random_id.random_project_id_suffix"
          ]
        }
      ]
    },
    {
      "module": "module.project-factory.module.project-factory",
      "mode": "managed",
      "type": "google_storage_bucket_iam_member",
      "name": "api_s_account_storage_admin_on_project_bucket",
      "provider": "provider[\"registry.terraform.io/hashicorp/google\"]",
      "instances": [
        {
          "index_key": 0,
          "schema_version": 0,
          "attributes": {
            "bucket": "b/terraform-inf-test-dev-tfstate",
            "condition": [],
            "etag": "CAM=",
            "id": "b/terraform-inf-test-dev-tfstate/roles/storage.admin/serviceAccount:1051173109797@cloudservices.gserviceaccount.com",
            "member": "serviceAccount:1051173109797@cloudservices.gserviceaccount.com",
            "role": "roles/storage.admin"
          },
          "sensitive_attributes": [],
          "private": "bnVsbA==",
          "dependencies": [
            "module.project-factory.module.project-factory.google_project.main",
            "module.project-factory.module.project-factory.google_storage_bucket.project_bucket",
            "module.project-factory.module.project-factory.module.project_services.google_project_iam_member.project_service_identity_roles",
            "module.project-factory.module.project-factory.module.project_services.google_project_service.project_services",
            "module.project-factory.module.project-factory.module.project_services.google_project_service_identity.project_service_identities",
            "module.project-factory.module.project-factory.random_id.random_project_id_suffix"
          ]
        }
      ]
    },
    {
      "module": "module.project-factory.module.project-factory",
      "mode": "managed",
      "type": "random_id",
      "name": "random_project_id_suffix",
      "provider": "provider[\"registry.terraform.io/hashicorp/random\"]",
      "instances": [
        {
          "schema_version": 0,
          "attributes": {
            "b64": "7YQ",
            "b64_std": "7YQ=",
            "b64_url": "7YQ",
            "byte_length": 2,
            "dec": "60804",
            "hex": "ed84",
            "id": "7YQ",
            "keepers": null,
            "prefix": null
          },
          "sensitive_attributes": [],
          "private": "bnVsbA=="
        }
      ]
    },
    {
      "module": "module.project-factory.module.project-factory.module.project_services",
      "mode": "managed",
      "type": "google_project_service",
      "name": "project_services",
      "provider": "provider[\"registry.terraform.io/hashicorp/google\"]",
      "instances": [
        {
          "index_key": "admin.googleapis.com",
          "schema_version": 0,
          "attributes": {
            "disable_dependent_services": true,
            "disable_on_destroy": true,
            "id": "terraform-inf-test-dev/admin.googleapis.com",
            "project": "terraform-inf-test-dev",
            "service": "admin.googleapis.com",
            "timeouts": null
          },
          "sensitive_attributes": [],
          "private": "eyJlMmJmYjczMC1lY2FhLTExZTYtOGY4OC0zNDM2M2JjN2M0YzAiOnsiY3JlYXRlIjoxMjAwMDAwMDAwMDAwLCJkZWxldGUiOjEyMDAwMDAwMDAwMDAsInJlYWQiOjYwMDAwMDAwMDAwMCwidXBkYXRlIjoxMjAwMDAwMDAwMDAwfX0=",
          "dependencies": [
            "module.project-factory.module.project-factory.google_project.main",
            "module.project-factory.module.project-factory.random_id.random_project_id_suffix"
          ]
        },
        {
          "index_key": "appengine.googleapis.com",
          "schema_version": 0,
          "attributes": {
            "disable_dependent_services": true,
            "disable_on_destroy": true,
            "id": "terraform-inf-test-dev/appengine.googleapis.com",
            "project": "terraform-inf-test-dev",
            "service": "appengine.googleapis.com",
            "timeouts": null
          },
          "sensitive_attributes": [],
          "private": "eyJlMmJmYjczMC1lY2FhLTExZTYtOGY4OC0zNDM2M2JjN2M0YzAiOnsiY3JlYXRlIjoxMjAwMDAwMDAwMDAwLCJkZWxldGUiOjEyMDAwMDAwMDAwMDAsInJlYWQiOjYwMDAwMDAwMDAwMCwidXBkYXRlIjoxMjAwMDAwMDAwMDAwfX0=",
          "dependencies": [
            "module.project-factory.module.project-factory.google_project.main",
            "module.project-factory.module.project-factory.random_id.random_project_id_suffix"
          ]
        },
        {
          "index_key": "bigquery.googleapis.com",
          "schema_version": 0,
          "attributes": {
            "disable_dependent_services": true,
            "disable_on_destroy": true,
            "id": "terraform-inf-test-dev/bigquery.googleapis.com",
            "project": "terraform-inf-test-dev",
            "service": "bigquery.googleapis.com",
            "timeouts": null
          },
          "sensitive_attributes": [],
          "private": "eyJlMmJmYjczMC1lY2FhLTExZTYtOGY4OC0zNDM2M2JjN2M0YzAiOnsiY3JlYXRlIjoxMjAwMDAwMDAwMDAwLCJkZWxldGUiOjEyMDAwMDAwMDAwMDAsInJlYWQiOjYwMDAwMDAwMDAwMCwidXBkYXRlIjoxMjAwMDAwMDAwMDAwfX0=",
          "dependencies": [
            "module.project-factory.module.project-factory.google_project.main",
            "module.project-factory.module.project-factory.random_id.random_project_id_suffix"
          ]
        },
        {
          "index_key": "cloudresourcemanager.googleapis.com",
          "schema_version": 0,
          "attributes": {
            "disable_dependent_services": true,
            "disable_on_destroy": true,
            "id": "terraform-inf-test-dev/cloudresourcemanager.googleapis.com",
            "project": "terraform-inf-test-dev",
            "service": "cloudresourcemanager.googleapis.com",
            "timeouts": null
          },
          "sensitive_attributes": [],
          "private": "eyJlMmJmYjczMC1lY2FhLTExZTYtOGY4OC0zNDM2M2JjN2M0YzAiOnsiY3JlYXRlIjoxMjAwMDAwMDAwMDAwLCJkZWxldGUiOjEyMDAwMDAwMDAwMDAsInJlYWQiOjYwMDAwMDAwMDAwMCwidXBkYXRlIjoxMjAwMDAwMDAwMDAwfX0=",
          "dependencies": [
            "module.project-factory.module.project-factory.google_project.main",
            "module.project-factory.module.project-factory.random_id.random_project_id_suffix"
          ]
        },
        {
          "index_key": "compute.googleapis.com",
          "schema_version": 0,
          "attributes": {
            "disable_dependent_services": true,
            "disable_on_destroy": true,
            "id": "terraform-inf-test-dev/compute.googleapis.com",
            "project": "terraform-inf-test-dev",
            "service": "compute.googleapis.com",
            "timeouts": null
          },
          "sensitive_attributes": [],
          "private": "eyJlMmJmYjczMC1lY2FhLTExZTYtOGY4OC0zNDM2M2JjN2M0YzAiOnsiY3JlYXRlIjoxMjAwMDAwMDAwMDAwLCJkZWxldGUiOjEyMDAwMDAwMDAwMDAsInJlYWQiOjYwMDAwMDAwMDAwMCwidXBkYXRlIjoxMjAwMDAwMDAwMDAwfX0=",
          "dependencies": [
            "module.project-factory.module.project-factory.google_project.main",
            "module.project-factory.module.project-factory.random_id.random_project_id_suffix"
          ]
        },
        {
          "index_key": "iam.googleapis.com",
          "schema_version": 0,
          "attributes": {
            "disable_dependent_services": true,
            "disable_on_destroy": true,
            "id": "terraform-inf-test-dev/iam.googleapis.com",
            "project": "terraform-inf-test-dev",
            "service": "iam.googleapis.com",
            "timeouts": null
          },
          "sensitive_attributes": [],
          "private": "eyJlMmJmYjczMC1lY2FhLTExZTYtOGY4OC0zNDM2M2JjN2M0YzAiOnsiY3JlYXRlIjoxMjAwMDAwMDAwMDAwLCJkZWxldGUiOjEyMDAwMDAwMDAwMDAsInJlYWQiOjYwMDAwMDAwMDAwMCwidXBkYXRlIjoxMjAwMDAwMDAwMDAwfX0=",
          "dependencies": [
            "module.project-factory.module.project-factory.google_project.main",
            "module.project-factory.module.project-factory.random_id.random_project_id_suffix"
          ]
        },
        {
          "index_key": "logging.googleapis.com",
          "schema_version": 0,
          "attributes": {
            "disable_dependent_services": true,
            "disable_on_destroy": true,
            "id": "terraform-inf-test-dev/logging.googleapis.com",
            "project": "terraform-inf-test-dev",
            "service": "logging.googleapis.com",
            "timeouts": null
          },
          "sensitive_attributes": [],
          "private": "eyJlMmJmYjczMC1lY2FhLTExZTYtOGY4OC0zNDM2M2JjN2M0YzAiOnsiY3JlYXRlIjoxMjAwMDAwMDAwMDAwLCJkZWxldGUiOjEyMDAwMDAwMDAwMDAsInJlYWQiOjYwMDAwMDAwMDAwMCwidXBkYXRlIjoxMjAwMDAwMDAwMDAwfX0=",
          "dependencies": [
            "module.project-factory.module.project-factory.google_project.main",
            "module.project-factory.module.project-factory.random_id.random_project_id_suffix"
          ]
        },
        {
          "index_key": "monitoring.googleapis.com",
          "schema_version": 0,
          "attributes": {
            "disable_dependent_services": true,
            "disable_on_destroy": true,
            "id": "terraform-inf-test-dev/monitoring.googleapis.com",
            "project": "terraform-inf-test-dev",
            "service": "monitoring.googleapis.com",
            "timeouts": null
          },
          "sensitive_attributes": [],
          "private": "eyJlMmJmYjczMC1lY2FhLTExZTYtOGY4OC0zNDM2M2JjN2M0YzAiOnsiY3JlYXRlIjoxMjAwMDAwMDAwMDAwLCJkZWxldGUiOjEyMDAwMDAwMDAwMDAsInJlYWQiOjYwMDAwMDAwMDAwMCwidXBkYXRlIjoxMjAwMDAwMDAwMDAwfX0=",
          "dependencies": [
            "module.project-factory.module.project-factory.google_project.main",
            "module.project-factory.module.project-factory.random_id.random_project_id_suffix"
          ]
        },
        {
          "index_key": "servicenetworking.googleapis.com",
          "schema_version": 0,
          "attributes": {
            "disable_dependent_services": true,
            "disable_on_destroy": true,
            "id": "terraform-inf-test-dev/servicenetworking.googleapis.com",
            "project": "terraform-inf-test-dev",
            "service": "servicenetworking.googleapis.com",
            "timeouts": null
          },
          "sensitive_attributes": [],
          "private": "eyJlMmJmYjczMC1lY2FhLTExZTYtOGY4OC0zNDM2M2JjN2M0YzAiOnsiY3JlYXRlIjoxMjAwMDAwMDAwMDAwLCJkZWxldGUiOjEyMDAwMDAwMDAwMDAsInJlYWQiOjYwMDAwMDAwMDAwMCwidXBkYXRlIjoxMjAwMDAwMDAwMDAwfX0=",
          "dependencies": [
            "module.project-factory.module.project-factory.google_project.main",
            "module.project-factory.module.project-factory.random_id.random_project_id_suffix"
          ]
        },
        {
          "index_key": "serviceusage.googleapis.com",
          "schema_version": 0,
          "attributes": {
            "disable_dependent_services": true,
            "disable_on_destroy": true,
            "id": "terraform-inf-test-dev/serviceusage.googleapis.com",
            "project": "terraform-inf-test-dev",
            "service": "serviceusage.googleapis.com",
            "timeouts": null
          },
          "sensitive_attributes": [],
          "private": "eyJlMmJmYjczMC1lY2FhLTExZTYtOGY4OC0zNDM2M2JjN2M0YzAiOnsiY3JlYXRlIjoxMjAwMDAwMDAwMDAwLCJkZWxldGUiOjEyMDAwMDAwMDAwMDAsInJlYWQiOjYwMDAwMDAwMDAwMCwidXBkYXRlIjoxMjAwMDAwMDAwMDAwfX0=",
          "dependencies": [
            "module.project-factory.module.project-factory.google_project.main",
            "module.project-factory.module.project-factory.random_id.random_project_id_suffix"
          ]
        },
        {
          "index_key": "storage-api.googleapis.com",
          "schema_version": 0,
          "attributes": {
            "disable_dependent_services": true,
            "disable_on_destroy": true,
            "id": "terraform-inf-test-dev/storage-api.googleapis.com",
            "project": "terraform-inf-test-dev",
            "service": "storage-api.googleapis.com",
            "timeouts": null
          },
          "sensitive_attributes": [],
          "private": "eyJlMmJmYjczMC1lY2FhLTExZTYtOGY4OC0zNDM2M2JjN2M0YzAiOnsiY3JlYXRlIjoxMjAwMDAwMDAwMDAwLCJkZWxldGUiOjEyMDAwMDAwMDAwMDAsInJlYWQiOjYwMDAwMDAwMDAwMCwidXBkYXRlIjoxMjAwMDAwMDAwMDAwfX0=",
          "dependencies": [
            "module.project-factory.module.project-factory.google_project.main",
            "module.project-factory.module.project-factory.random_id.random_project_id_suffix"
          ]
        }
      ]
    },
    {
      "module": "module.service-accounts",
      "mode": "managed",
      "type": "google_service_account",
      "name": "service_accounts",
      "provider": "provider[\"registry.terraform.io/hashicorp/google\"]",
      "instances": [
        {
          "index_key": "terraform-sa",
          "schema_version": 0,
          "attributes": {
            "account_id": "terraform-sa",
            "description": "",
            "disabled": false,
            "display_name": "Terraform-managed service account",
            "email": "terraform-sa@terraform-inf-test-dev.iam.gserviceaccount.com",
            "id": "projects/terraform-inf-test-dev/serviceAccounts/terraform-sa@terraform-inf-test-dev.iam.gserviceaccount.com",
            "name": "projects/terraform-inf-test-dev/serviceAccounts/terraform-sa@terraform-inf-test-dev.iam.gserviceaccount.com",
            "project": "terraform-inf-test-dev",
            "timeouts": null,
            "unique_id": "109560985066150135837"
          },
          "sensitive_attributes": [],
          "private": "eyJlMmJmYjczMC1lY2FhLTExZTYtOGY4OC0zNDM2M2JjN2M0YzAiOnsiY3JlYXRlIjozMDAwMDAwMDAwMDB9fQ==",
          "dependencies": [
            "module.project-factory.module.budget.data.google_project.project",
            "module.project-factory.module.budget.google_billing_budget.budget",
            "module.project-factory.module.gsuite_group.data.google_organization.org",
            "module.project-factory.module.project-factory.google_access_context_manager_service_perimeter_resource.service_perimeter_attachment",
            "module.project-factory.module.project-factory.google_compute_shared_vpc_host_project.shared_vpc_host",
            "module.project-factory.module.project-factory.google_compute_shared_vpc_service_project.shared_vpc_attachment",
            "module.project-factory.module.project-factory.google_compute_subnetwork_iam_member.apis_service_account_role_to_vpc_subnets",
            "module.project-factory.module.project-factory.google_compute_subnetwork_iam_member.group_role_to_vpc_subnets",
            "module.project-factory.module.project-factory.google_compute_subnetwork_iam_member.service_account_role_to_vpc_subnets",
            "module.project-factory.module.project-factory.google_project.main",
            "module.project-factory.module.project-factory.google_project_default_service_accounts.default_service_accounts",
            "module.project-factory.module.project-factory.google_project_iam_member.controlling_group_vpc_membership",
            "module.project-factory.module.project-factory.google_project_iam_member.default_service_account_membership",
            "module.project-factory.module.project-factory.google_project_iam_member.gsuite_group_role",
            "module.project-factory.module.project-factory.google_project_service.enable_access_context_manager",
            "module.project-factory.module.project-factory.google_project_usage_export_bucket.usage_report_export",
            "module.project-factory.module.project-factory.google_resource_manager_lien.lien",
            "module.project-factory.module.project-factory.google_service_account.default_service_account",
            "module.project-factory.module.project-factory.google_service_account_iam_member.service_account_grant_to_group",
            "module.project-factory.module.project-factory.google_storage_bucket.project_bucket",
            "module.project-factory.module.project-factory.google_storage_bucket_iam_member.api_s_account_storage_admin_on_project_bucket",
            "module.project-factory.module.project-factory.google_storage_bucket_iam_member.group_storage_admin_on_project_bucket",
            "module.project-factory.module.project-factory.google_storage_bucket_iam_member.s_account_storage_admin_on_project_bucket",
            "module.project-factory.module.project-factory.module.project_services.google_project_iam_member.project_service_identity_roles",
            "module.project-factory.module.project-factory.module.project_services.google_project_service.project_services",
            "module.project-factory.module.project-factory.module.project_services.google_project_service_identity.project_service_identities",
            "module.project-factory.module.project-factory.random_id.random_project_id_suffix",
            "module.project-factory.module.quotas.google_service_usage_consumer_quota_override.override",
            "module.project-factory.module.shared_vpc_access.data.google_project.service_project",
            "module.project-factory.module.shared_vpc_access.google_compute_subnetwork_iam_member.service_shared_vpc_subnet_users",
            "module.project-factory.module.shared_vpc_access.google_project_iam_member.composer_host_agent",
            "module.project-factory.module.shared_vpc_access.google_project_iam_member.gke_host_agent",
            "module.project-factory.module.shared_vpc_access.google_project_iam_member.gke_security_admin",
            "module.project-factory.module.shared_vpc_access.google_project_iam_member.service_shared_vpc_user"
          ]
        }
      ]
    }
  ]
}
